// !$*UTF8*$!
{
	archiveVersion = 1;
	classes = {
	};
	objectVersion = 77;
	objects = {

/* Begin PBXContainerItemProxy section */
		459C7FC42F602AAC00EB5B45 /* PBXContainerItemProxy */ = {
			isa = PBXContainerItemProxy;
			containerPortal = 459C7FAC2F602AAB00EB5B45 /* Project object */;
			proxyType = 1;
			remoteGlobalIDString = 459C7FB32F602AAB00EB5B45;
			remoteInfo = VisualNovelReader;
		};
		459C7FCE2F602AAC00EB5B45 /* PBXContainerItemProxy */ = {
			isa = PBXContainerItemProxy;
			containerPortal = 459C7FAC2F602AAB00EB5B45 /* Project object */;
			proxyType = 1;
			remoteGlobalIDString = 459C7FB32F602AAB00EB5B45;
			remoteInfo = VisualNovelReader;
		};
/* End PBXContainerItemProxy section */

/* Begin PBXFileReference section */
		459C7FB42F602AAB00EB5B45 /* VisualNovelReader.app */ = {isa = PBXFileReference; explicitFileType = wrapper.application; includeInIndex = 0; path = VisualNovelReader.app; sourceTree = BUILT_PRODUCTS_DIR; };
		459C7FC32F602AAC00EB5B45 /* VisualNovelReaderTests.xctest */ = {isa = PBXFileReference; explicitFileType = wrapper.cfbundle; includeInIndex = 0; path = VisualNovelReaderTests.xctest; sourceTree = BUILT_PRODUCTS_DIR; };
		459C7FCD2F602AAC00EB5B45 /* VisualNovelReaderUITests.xctest */ = {isa = PBXFileReference; explicitFileType = wrapper.cfbundle; includeInIndex = 0; path = VisualNovelReaderUITests.xctest; sourceTree = BUILT_PRODUCTS_DIR; };
/* End PBXFileReference section */

/* Begin PBXFileSystemSynchronizedRootGroup section */
		459C7FB62F602AAB00EB5B45 /* VisualNovelReader */ = {
			isa = PBXFileSystemSynchronizedRootGroup;
			path = VisualNovelReader;
			sourceTree = "<group>";
		};
		459C7FC62F602AAC00EB5B45 /* VisualNovelReaderTests */ = {
			isa = PBXFileSystemSynchronizedRootGroup;
			path = VisualNovelReaderTests;
			sourceTree = "<group>";
		};
		459C7FD02F602AAC00EB5B45 /* VisualNovelReaderUITests */ = {
			isa = PBXFileSystemSynchronizedRootGroup;
			path = VisualNovelReaderUITests;
			sourceTree = "<group>";
		};
/* End PBXFileSystemSynchronizedRootGroup section */

/* Begin PBXFrameworksBuildPhase section */
		459C7FB12F602AAB00EB5B45 /* Frameworks */ = {
			isa = PBXFrameworksBuildPhase;
			buildActionMask = 2147483647;
			files = (
			);
			runOnlyForDeploymentPostprocessing = 0;
		};
		459C7FC02F602AAC00EB5B45 /* Frameworks */ = {
			isa = PBXFrameworksBuildPhase;
			buildActionMask = 2147483647;
			files = (
			);
			runOnlyForDeploymentPostprocessing = 0;
		};
		459C7FCA2F602AAC00EB5B45 /* Frameworks */ = {
			isa = PBXFrameworksBuildPhase;
			buildActionMask = 2147483647;
			files = (
			);
			runOnlyForDeploymentPostprocessing = 0;
		};
/* End PBXFrameworksBuildPhase section */

/* Begin PBXGroup section */
		459C7FAB2F602AAB00EB5B45 = {
			isa = PBXGroup;
			children = (
				459C7FB62F602AAB00EB5B45 /* VisualNovelReader */,
				459C7FC62F602AAC00EB5B45 /* VisualNovelReaderTests */,
				459C7FD02F602AAC00EB5B45 /* VisualNovelReaderUITests */,
				459C7FB52F602AAB00EB5B45 /* Products */,
			);
			sourceTree = "<group>";
		};
		459C7FB52F602AAB00EB5B45 /* Products */ = {
			isa = PBXGroup;
			children = (
				459C7FB42F602AAB00EB5B45 /* VisualNovelReader.app */,
				459C7FC32F602AAC00EB5B45 /* VisualNovelReaderTests.xctest */,
				459C7FCD2F602AAC00EB5B45 /* VisualNovelReaderUITests.xctest */,
			);
			name = Products;
			sourceTree = "<group>";
		};
/* End PBXGroup section */

/* Begin PBXNativeTarget section */
		459C7FB32F602AAB00EB5B45 /* VisualNovelReader */ = {
			isa = PBXNativeTarget;
			buildConfigurationList = 459C7FD72F602AAC00EB5B45 /* Build configuration list for PBXNativeTarget "VisualNovelReader" */;
			buildPhases = (
				459C7FB02F602AAB00EB5B45 /* Sources */,
				459C7FB12F602AAB00EB5B45 /* Frameworks */,
				459C7FB22F602AAB00EB5B45 /* Resources */,
			);
			buildRules = (
			);
			dependencies = (
			);
			fileSystemSynchronizedGroups = (
				459C7FB62F602AAB00EB5B45 /* VisualNovelReader */,
			);
			name = VisualNovelReader;
			packageProductDependencies = (
			);
			productName = VisualNovelReader;
			productReference = 459C7FB42F602AAB00EB5B45 /* VisualNovelReader.app */;
			productType = "com.apple.product-type.application";
		};
		459C7FC22F602AAC00EB5B45 /* VisualNovelReaderTests */ = {
			isa = PBXNativeTarget;
			buildConfigurationList = 459C7FDA2F602AAC00EB5B45 /* Build configuration list for PBXNativeTarget "VisualNovelReaderTests" */;
			buildPhases = (
				459C7FBF2F602AAC00EB5B45 /* Sources */,
				459C7FC02F602AAC00EB5B45 /* Frameworks */,
				459C7FC12F602AAC00EB5B45 /* Resources */,
			);
			buildRules = (
			);
			dependencies = (
				459C7FC52F602AAC00EB5B45 /* PBXTargetDependency */,
			);
			fileSystemSynchronizedGroups = (
				459C7FC62F602AAC00EB5B45 /* VisualNovelReaderTests */,
			);
			name = VisualNovelReaderTests;
			packageProductDependencies = (
			);
			productName = VisualNovelReaderTests;
			productReference = 459C7FC32F602AAC00EB5B45 /* VisualNovelReaderTests.xctest */;
			productType = "com.apple.product-type.bundle.unit-test";
		};
		459C7FCC2F602AAC00EB5B45 /* VisualNovelReaderUITests */ = {
			isa = PBXNativeTarget;
			buildConfigurationList = 459C7FDD2F602AAC00EB5B45 /* Build configuration list for PBXNativeTarget "VisualNovelReaderUITests" */;
			buildPhases = (
				459C7FC92F602AAC00EB5B45 /* Sources */,
				459C7FCA2F602AAC00EB5B45 /* Frameworks */,
				459C7FCB2F602AAC00EB5B45 /* Resources */,
			);
			buildRules = (
			);
			dependencies = (
				459C7FCF2F602AAC00EB5B45 /* PBXTargetDependency */,
			);
			fileSystemSynchronizedGroups = (
				459C7FD02F602AAC00EB5B45 /* VisualNovelReaderUITests */,
			);
			name = VisualNovelReaderUITests;
			packageProductDependencies = (
			);
			productName = VisualNovelReaderUITests;
			productReference = 459C7FCD2F602AAC00EB5B45 /* VisualNovelReaderUITests.xctest */;
			productType = "com.apple.product-type.bundle.ui-testing";
		};
/* End PBXNativeTarget section */

/* Begin PBXProject section */
		459C7FAC2F602AAB00EB5B45 /* Project object */ = {
			isa = PBXProject;
			attributes = {
				BuildIndependentTargetsInParallel = 1;
				LastSwiftUpdateCheck = 2630;
				LastUpgradeCheck = 2630;
				TargetAttributes = {
					459C7FB32F602AAB00EB5B45 = {
						CreatedOnToolsVersion = 26.3;
					};
					459C7FC22F602AAC00EB5B45 = {
						CreatedOnToolsVersion = 26.3;
						TestTargetID = 459C7FB32F602AAB00EB5B45;
					};
					459C7FCC2F602AAC00EB5B45 = {
						CreatedOnToolsVersion = 26.3;
						TestTargetID = 459C7FB32F602AAB00EB5B45;
					};
				};
			};
			buildConfigurationList = 459C7FAF2F602AAB00EB5B45 /* Build configuration list for PBXProject "VisualNovelReader" */;
			developmentRegion = en;
			hasScannedForEncodings = 0;
			knownRegions = (
				en,
				Base,
			);
			mainGroup = 459C7FAB2F602AAB00EB5B45;
			minimizedProjectReferenceProxies = 1;
			preferredProjectObjectVersion = 77;
			productRefGroup = 459C7FB52F602AAB00EB5B45 /* Products */;
			projectDirPath = "";
			projectRoot = "";
			targets = (
				459C7FB32F602AAB00EB5B45 /* VisualNovelReader */,
				459C7FC22F602AAC00EB5B45 /* VisualNovelReaderTests */,
				459C7FCC2F602AAC00EB5B45 /* VisualNovelReaderUITests */,
			);
		};
/* End PBXProject section */

/* Begin PBXResourcesBuildPhase section */
		459C7FB22F602AAB00EB5B45 /* Resources */ = {
			isa = PBXResourcesBuildPhase;
			buildActionMask = 2147483647;
			files = (
			);
			runOnlyForDeploymentPostprocessing = 0;
		};
		459C7FC12F602AAC00EB5B45 /* Resources */ = {
			isa = PBXResourcesBuildPhase;
			buildActionMask = 2147483647;
			files = (
			);
			runOnlyForDeploymentPostprocessing = 0;
		};
		459C7FCB2F602AAC00EB5B45 /* Resources */ = {
			isa = PBXResourcesBuildPhase;
			buildActionMask = 2147483647;
			files = (
			);
			runOnlyForDeploymentPostprocessing = 0;
		};
/* End PBXResourcesBuildPhase section */

/* Begin PBXSourcesBuildPhase section */
		459C7FB02F602AAB00EB5B45 /* Sources */ = {
			isa = PBXSourcesBuildPhase;
			buildActionMask = 2147483647;
			files = (
			);
			runOnlyForDeploymentPostprocessing = 0;
		};
		459C7FBF2F602AAC00EB5B45 /* Sources */ = {
			isa = PBXSourcesBuildPhase;
			buildActionMask = 2147483647;
			files = (
			);
			runOnlyForDeploymentPostprocessing = 0;
		};
		459C7FC92F602AAC00EB5B45 /* Sources */ = {
			isa = PBXSourcesBuildPhase;
			buildActionMask = 2147483647;
			files = (
			);
			runOnlyForDeploymentPostprocessing = 0;
		};
/* End PBXSourcesBuildPhase section */

/* Begin PBXTargetDependency section */
		459C7FC52F602AAC00EB5B45 /* PBXTargetDependency */ = {
			isa = PBXTargetDependency;
			target = 459C7FB32F602AAB00EB5B45 /* VisualNovelReader */;
			targetProxy = 459C7FC42F602AAC00EB5B45 /* PBXContainerItemProxy */;
		};
		459C7FCF2F602AAC00EB5B45 /* PBXTargetDependency */ = {
			isa = PBXTargetDependency;
			target = 459C7FB32F602AAB00EB5B45 /* VisualNovelReader */;
			targetProxy = 459C7FCE2F602AAC00EB5B45 /* PBXContainerItemProxy */;
		};
/* End PBXTargetDependency section */

/* Begin XCBuildConfiguration section */
		459C7FD52F602AAC00EB5B45 /* Debug */ = {
			isa = XCBuildConfiguration;
			buildSettings = {
				ALWAYS_SEARCH_USER_PATHS = NO;
				ASSETCATALOG_COMPILER_GENERATE_SWIFT_ASSET_SYMBOL_EXTENSIONS = YES;
				CLANG_ANALYZER_NONNULL = YES;
				CLANG_ANALYZER_NUMBER_OBJECT_CONVERSION = YES_AGGRESSIVE;
				CLANG_CXX_LANGUAGE_STANDARD = "gnu++20";
				CLANG_ENABLE_MODULES = YES;
				CLANG_ENABLE_OBJC_ARC = YES;
				CLANG_ENABLE_OBJC_WEAK = YES;
				CLANG_WARN_BLOCK_CAPTURE_AUTORELEASING = YES;
				CLANG_WARN_BOOL_CONVERSION = YES;
				CLANG_WARN_COMMA = YES;
				CLANG_WARN_CONSTANT_CONVERSION = YES;
				CLANG_WARN_DEPRECATED_OBJC_IMPLEMENTATIONS = YES;
				CLANG_WARN_DIRECT_OBJC_ISA_USAGE = YES_ERROR;
				CLANG_WARN_DOCUMENTATION_COMMENTS = YES;
				CLANG_WARN_EMPTY_BODY = YES;
				CLANG_WARN_ENUM_CONVERSION = YES;
				CLANG_WARN_INFINITE_RECURSION = YES;
				CLANG_WARN_INT_CONVERSION = YES;
				CLANG_WARN_NON_LITERAL_NULL_CONVERSION = YES;
				CLANG_WARN_OBJC_IMPLICIT_RETAIN_SELF = YES;
				CLANG_WARN_OBJC_LITERAL_CONVERSION = YES;
				CLANG_WARN_OBJC_ROOT_CLASS = YES_ERROR;
				CLANG_WARN_QUOTED_INCLUDE_IN_FRAMEWORK_HEADER = YES;
				CLANG_WARN_RANGE_LOOP_ANALYSIS = YES;
				CLANG_WARN_STRICT_PROTOTYPES = YES;
				CLANG_WARN_SUSPICIOUS_MOVE = YES;
				CLANG_WARN_UNGUARDED_AVAILABILITY = YES_AGGRESSIVE;
				CLANG_WARN_UNREACHABLE_CODE = YES;
				CLANG_WARN__DUPLICATE_METHOD_MATCH = YES;
				COPY_PHASE_STRIP = NO;
				DEBUG_INFORMATION_FORMAT = dwarf;
				DEVELOPMENT_TEAM = U2H58FUW2S;
				ENABLE_STRICT_OBJC_MSGSEND = YES;
				ENABLE_TESTABILITY = YES;
				ENABLE_USER_SCRIPT_SANDBOXING = YES;
				GCC_C_LANGUAGE_STANDARD = gnu17;
				GCC_DYNAMIC_NO_PIC = NO;
				GCC_NO_COMMON_BLOCKS = YES;
				GCC_OPTIMIZATION_LEVEL = 0;
				GCC_PREPROCESSOR_DEFINITIONS = (
					"DEBUG=1",
					"$(inherited)",
				);
				GCC_WARN_64_TO_32_BIT_CONVERSION = YES;
				GCC_WARN_ABOUT_RETURN_TYPE = YES_ERROR;
				GCC_WARN_UNDECLARED_SELECTOR = YES;
				GCC_WARN_UNINITIALIZED_AUTOS = YES_AGGRESSIVE;
				GCC_WARN_UNUSED_FUNCTION = YES;
				GCC_WARN_UNUSED_VARIABLE = YES;
				IPHONEOS_DEPLOYMENT_TARGET = 26.2;
				LOCALIZATION_PREFERS_STRING_CATALOGS = YES;
				MTL_ENABLE_DEBUG_INFO = INCLUDE_SOURCE;
				MTL_FAST_MATH = YES;
				ONLY_ACTIVE_ARCH = YES;
				SDKROOT = iphoneos;
				SWIFT_ACTIVE_COMPILATION_CONDITIONS = "DEBUG $(inherited)";
				SWIFT_OPTIMIZATION_LEVEL = "-Onone";
			};
			name = Debug;
		};
		459C7FD62F602AAC00EB5B45 /* Release */ = {
			isa = XCBuildConfiguration;
			buildSettings = {
				ALWAYS_SEARCH_USER_PATHS = NO;
				ASSETCATALOG_COMPILER_GENERATE_SWIFT_ASSET_SYMBOL_EXTENSIONS = YES;
				CLANG_ANALYZER_NONNULL = YES;
				CLANG_ANALYZER_NUMBER_OBJECT_CONVERSION = YES_AGGRESSIVE;
				CLANG_CXX_LANGUAGE_STANDARD = "gnu++20";
				CLANG_ENABLE_MODULES = YES;
				CLANG_ENABLE_OBJC_ARC = YES;
				CLANG_ENABLE_OBJC_WEAK = YES;
				CLANG_WARN_BLOCK_CAPTURE_AUTORELEASING = YES;
				CLANG_WARN_BOOL_CONVERSION = YES;
				CLANG_WARN_COMMA = YES;
				CLANG_WARN_CONSTANT_CONVERSION = YES;
				CLANG_WARN_DEPRECATED_OBJC_IMPLEMENTATIONS = YES;
				CLANG_WARN_DIRECT_OBJC_ISA_USAGE = YES_ERROR;
				CLANG_WARN_DOCUMENTATION_COMMENTS = YES;
				CLANG_WARN_EMPTY_BODY = YES;
				CLANG_WARN_ENUM_CONVERSION = YES;
				CLANG_WARN_INFINITE_RECURSION = YES;
				CLANG_WARN_INT_CONVERSION = YES;
				CLANG_WARN_NON_LITERAL_NULL_CONVERSION = YES;
				CLANG_WARN_OBJC_IMPLICIT_RETAIN_SELF = YES;
				CLANG_WARN_OBJC_LITERAL_CONVERSION = YES;
				CLANG_WARN_OBJC_ROOT_CLASS = YES_ERROR;
				CLANG_WARN_QUOTED_INCLUDE_IN_FRAMEWORK_HEADER = YES;
				CLANG_WARN_RANGE_LOOP_ANALYSIS = YES;
				CLANG_WARN_STRICT_PROTOTYPES = YES;
				CLANG_WARN_SUSPICIOUS_MOVE = YES;
				CLANG_WARN_UNGUARDED_AVAILABILITY = YES_AGGRESSIVE;
				CLANG_WARN_UNREACHABLE_CODE = YES;
				CLANG_WARN__DUPLICATE_METHOD_MATCH = YES;
				COPY_PHASE_STRIP = NO;
				DEBUG_INFORMATION_FORMAT = "dwarf-with-dsym";
				DEVELOPMENT_TEAM = U2H58FUW2S;
				ENABLE_NS_ASSERTIONS = NO;
				ENABLE_STRICT_OBJC_MSGSEND = YES;
				ENABLE_USER_SCRIPT_SANDBOXING = YES;
				GCC_C_LANGUAGE_STANDARD = gnu17;
				GCC_NO_COMMON_BLOCKS = YES;
				GCC_WARN_64_TO_32_BIT_CONVERSION = YES;
				GCC_WARN_ABOUT_RETURN_TYPE = YES_ERROR;
				GCC_WARN_UNDECLARED_SELECTOR = YES;
				GCC_WARN_UNINITIALIZED_AUTOS = YES_AGGRESSIVE;
				GCC_WARN_UNUSED_FUNCTION = YES;
				GCC_WARN_UNUSED_VARIABLE = YES;
				IPHONEOS_DEPLOYMENT_TARGET = 26.2;
				LOCALIZATION_PREFERS_STRING_CATALOGS = YES;
				MTL_ENABLE_DEBUG_INFO = NO;
				MTL_FAST_MATH = YES;
				SDKROOT = iphoneos;
				SWIFT_COMPILATION_MODE = wholemodule;
				VALIDATE_PRODUCT = YES;
			};
			name = Release;
		};
		459C7FD82F602AAC00EB5B45 /* Debug */ = {
			isa = XCBuildConfiguration;
			buildSettings = {
				ASSETCATALOG_COMPILER_APPICON_NAME = AppIcon;
				ASSETCATALOG_COMPILER_GLOBAL_ACCENT_COLOR_NAME = AccentColor;
				CODE_SIGN_STYLE = Automatic;
				CURRENT_PROJECT_VERSION = 1;
				DEVELOPMENT_TEAM = U2H58FUW2S;
				ENABLE_PREVIEWS = YES;
				GENERATE_INFOPLIST_FILE = YES;
				INFOPLIST_KEY_UIApplicationSceneManifest_Generation = YES;
				INFOPLIST_KEY_UIApplicationSupportsIndirectInputEvents = YES;
				INFOPLIST_KEY_UILaunchScreen_Generation = YES;
				INFOPLIST_KEY_UISupportedInterfaceOrientations_iPad = "UIInterfaceOrientationPortrait UIInterfaceOrientationPortraitUpsideDown UIInterfaceOrientationLandscapeLeft UIInterfaceOrientationLandscapeRight";
				INFOPLIST_KEY_UISupportedInterfaceOrientations_iPhone = "UIInterfaceOrientationPortrait UIInterfaceOrientationLandscapeLeft UIInterfaceOrientationLandscapeRight";
				LD_RUNPATH_SEARCH_PATHS = (
					"$(inherited)",
					"@executable_path/Frameworks",
				);
				MARKETING_VERSION = 1.0;
				PRODUCT_BUNDLE_IDENTIFIER = com.stuwang.VisualNovelReader;
				PRODUCT_NAME = "$(TARGET_NAME)";
				STRING_CATALOG_GENERATE_SYMBOLS = YES;
				SWIFT_APPROACHABLE_CONCURRENCY = YES;
				SWIFT_DEFAULT_ACTOR_ISOLATION = MainActor;
				SWIFT_EMIT_LOC_STRINGS = YES;
				SWIFT_UPCOMING_FEATURE_MEMBER_IMPORT_VISIBILITY = YES;
				SWIFT_VERSION = 5.0;
				TARGETED_DEVICE_FAMILY = "1,2";
			};
			name = Debug;
		};
		459C7FD92F602AAC00EB5B45 /* Release */ = {
			isa = XCBuildConfiguration;
			buildSettings = {
				ASSETCATALOG_COMPILER_APPICON_NAME = AppIcon;
				ASSETCATALOG_COMPILER_GLOBAL_ACCENT_COLOR_NAME = AccentColor;
				CODE_SIGN_STYLE = Automatic;
				CURRENT_PROJECT_VERSION = 1;
				DEVELOPMENT_TEAM = U2H58FUW2S;
				ENABLE_PREVIEWS = YES;
				GENERATE_INFOPLIST_FILE = YES;
				INFOPLIST_KEY_UIApplicationSceneManifest_Generation = YES;
				INFOPLIST_KEY_UIApplicationSupportsIndirectInputEvents = YES;
				INFOPLIST_KEY_UILaunchScreen_Generation = YES;
				INFOPLIST_KEY_UISupportedInterfaceOrientations_iPad = "UIInterfaceOrientationPortrait UIInterfaceOrientationPortraitUpsideDown UIInterfaceOrientationLandscapeLeft UIInterfaceOrientationLandscapeRight";
				INFOPLIST_KEY_UISupportedInterfaceOrientations_iPhone = "UIInterfaceOrientationPortrait UIInterfaceOrientationLandscapeLeft UIInterfaceOrientationLandscapeRight";
				LD_RUNPATH_SEARCH_PATHS = (
					"$(inherited)",
					"@executable_path/Frameworks",
				);
				MARKETING_VERSION = 1.0;
				PRODUCT_BUNDLE_IDENTIFIER = com.stuwang.VisualNovelReader;
				PRODUCT_NAME = "$(TARGET_NAME)";
				STRING_CATALOG_GENERATE_SYMBOLS = YES;
				SWIFT_APPROACHABLE_CONCURRENCY = YES;
				SWIFT_DEFAULT_ACTOR_ISOLATION = MainActor;
				SWIFT_EMIT_LOC_STRINGS = YES;
				SWIFT_UPCOMING_FEATURE_MEMBER_IMPORT_VISIBILITY = YES;
				SWIFT_VERSION = 5.0;
				TARGETED_DEVICE_FAMILY = "1,2";
			};
			name = Release;
		};
		459C7FDB2F602AAC00EB5B45 /* Debug */ = {
			isa = XCBuildConfiguration;
			buildSettings = {
				BUNDLE_LOADER = "$(TEST_HOST)";
				CODE_SIGN_STYLE = Automatic;
				CURRENT_PROJECT_VERSION = 1;
				DEVELOPMENT_TEAM = U2H58FUW2S;
				GENERATE_INFOPLIST_FILE = YES;
				IPHONEOS_DEPLOYMENT_TARGET = 26.2;
				MARKETING_VERSION = 1.0;
				PRODUCT_BUNDLE_IDENTIFIER = com.stuwang.VisualNovelReaderTests;
				PRODUCT_NAME = "$(TARGET_NAME)";
				STRING_CATALOG_GENERATE_SYMBOLS = NO;
				SWIFT_APPROACHABLE_CONCURRENCY = YES;
				SWIFT_EMIT_LOC_STRINGS = NO;
				SWIFT_UPCOMING_FEATURE_MEMBER_IMPORT_VISIBILITY = YES;
				SWIFT_VERSION = 5.0;
				TARGETED_DEVICE_FAMILY = "1,2";
				TEST_HOST = "$(BUILT_PRODUCTS_DIR)/VisualNovelReader.app/$(BUNDLE_EXECUTABLE_FOLDER_PATH)/VisualNovelReader";
			};
			name = Debug;
		};
		459C7FDC2F602AAC00EB5B45 /* Release */ = {
			isa = XCBuildConfiguration;
			buildSettings = {
				BUNDLE_LOADER = "$(TEST_HOST)";
				CODE_SIGN_STYLE = Automatic;
				CURRENT_PROJECT_VERSION = 1;
				DEVELOPMENT_TEAM = U2H58FUW2S;
				GENERATE_INFOPLIST_FILE = YES;
				IPHONEOS_DEPLOYMENT_TARGET = 26.2;
				MARKETING_VERSION = 1.0;
				PRODUCT_BUNDLE_IDENTIFIER = com.stuwang.VisualNovelReaderTests;
				PRODUCT_NAME = "$(TARGET_NAME)";
				STRING_CATALOG_GENERATE_SYMBOLS = NO;
				SWIFT_APPROACHABLE_CONCURRENCY = YES;
				SWIFT_EMIT_LOC_STRINGS = NO;
				SWIFT_UPCOMING_FEATURE_MEMBER_IMPORT_VISIBILITY = YES;
				SWIFT_VERSION = 5.0;
				TARGETED_DEVICE_FAMILY = "1,2";
				TEST_HOST = "$(BUILT_PRODUCTS_DIR)/VisualNovelReader.app/$(BUNDLE_EXECUTABLE_FOLDER_PATH)/VisualNovelReader";
			};
			name = Release;
		};
		459C7FDE2F602AAC00EB5B45 /* Debug */ = {
			isa = XCBuildConfiguration;
			buildSettings = {
				CODE_SIGN_STYLE = Automatic;
				CURRENT_PROJECT_VERSION = 1;
				DEVELOPMENT_TEAM = U2H58FUW2S;
				GENERATE_INFOPLIST_FILE = YES;
				MARKETING_VERSION = 1.0;
				PRODUCT_BUNDLE_IDENTIFIER = com.stuwang.VisualNovelReaderUITests;
				PRODUCT_NAME = "$(TARGET_NAME)";
				STRING_CATALOG_GENERATE_SYMBOLS = NO;
				SWIFT_APPROACHABLE_CONCURRENCY = YES;
				SWIFT_EMIT_LOC_STRINGS = NO;
				SWIFT_UPCOMING_FEATURE_MEMBER_IMPORT_VISIBILITY = YES;
				SWIFT_VERSION = 5.0;
				TARGETED_DEVICE_FAMILY = "1,2";
				TEST_TARGET_NAME = VisualNovelReader;
			};
			name = Debug;
		};
		459C7FDF2F602AAC00EB5B45 /* Release */ = {
			isa = XCBuildConfiguration;
			buildSettings = {
				CODE_SIGN_STYLE = Automatic;
				CURRENT_PROJECT_VERSION = 1;
				DEVELOPMENT_TEAM = U2H58FUW2S;
				GENERATE_INFOPLIST_FILE = YES;
				MARKETING_VERSION = 1.0;
				PRODUCT_BUNDLE_IDENTIFIER = com.stuwang.VisualNovelReaderUITests;
				PRODUCT_NAME = "$(TARGET_NAME)";
				STRING_CATALOG_GENERATE_SYMBOLS = NO;
				SWIFT_APPROACHABLE_CONCURRENCY = YES;
				SWIFT_EMIT_LOC_STRINGS = NO;
				SWIFT_UPCOMING_FEATURE_MEMBER_IMPORT_VISIBILITY = YES;
				SWIFT_VERSION = 5.0;
				TARGETED_DEVICE_FAMILY = "1,2";
				TEST_TARGET_NAME = VisualNovelReader;
			};
			name = Release;
		};
/* End XCBuildConfiguration section */

/* Begin XCConfigurationList section */
		459C7FAF2F602AAB00EB5B45 /* Build configuration list for PBXProject "VisualNovelReader" */ = {
			isa = XCConfigurationList;
			buildConfigurations = (
				459C7FD52F602AAC00EB5B45 /* Debug */,
				459C7FD62F602AAC00EB5B45 /* Release */,
			);
			defaultConfigurationIsVisible = 0;
			defaultConfigurationName = Release;
		};
		459C7FD72F602AAC00EB5B45 /* Build configuration list for PBXNativeTarget "VisualNovelReader" */ = {
			isa = XCConfigurationList;
			buildConfigurations = (
				459C7FD82F602AAC00EB5B45 /* Debug */,
				459C7FD92F602AAC00EB5B45 /* Release */,
			);
			defaultConfigurationIsVisible = 0;
			defaultConfigurationName = Release;
		};
		459C7FDA2F602AAC00EB5B45 /* Build configuration list for PBXNativeTarget "VisualNovelReaderTests" */ = {
			isa = XCConfigurationList;
			buildConfigurations = (
				459C7FDB2F602AAC00EB5B45 /* Debug */,
				459C7FDC2F602AAC00EB5B45 /* Release */,
			);
			defaultConfigurationIsVisible = 0;
			defaultConfigurationName = Release;
		};
		459C7FDD2F602AAC00EB5B45 /* Build configuration list for PBXNativeTarget "VisualNovelReaderUITests" */ = {
			isa = XCConfigurationList;
			buildConfigurations = (
				459C7FDE2F602AAC00EB5B45 /* Debug */,
				459C7FDF2F602AAC00EB5B45 /* Release */,
			);
			defaultConfigurationIsVisible = 0;
			defaultConfigurationName = Release;
		};
/* End XCConfigurationList section */
	};
	rootObject = 459C7FAC2F602AAB00EB5B45 /* Project object */;
}
